
Microsoft Visual Studio Solution File, Format Version 12.00
# Visual Studio Version 17
VisualStudioVersion = 17.7.34009.444
MinimumVisualStudioVersion = 10.0.40219.1
Project("{FAE04EC0-301F-11D3-BF4B-00C04F79EFBC}") = "FinancasApp.Presentation", "FinancasApp.Presentation\FinancasApp.Presentation.csproj", "{0816347C-2643-4D9E-A554-87580C4BC792}"
EndProject
Global
	GlobalSection(SolutionConfigurationPlatforms) = preSolution
		Debug|Any CPU = Debug|Any CPU
		Release|Any CPU = Release|Any CPU
	EndGlobalSection
	GlobalSection(ProjectConfigurationPlatforms) = postSolution
		{0816347C-2643-4D9E-A554-87580C4BC792}.Debug|Any CPU.ActiveCfg = Debug|Any CPU
		{0816347C-2643-4D9E-A554-87580C4BC792}.Debug|Any CPU.Build.0 = Debug|Any CPU
		{0816347C-2643-4D9E-A554-87580C4BC792}.Release|Any CPU.ActiveCfg = Release|Any CPU
		{0816347C-2643-4D9E-A554-87580C4BC792}.Release|Any CPU.Build.0 = Release|Any CPU
	EndGlobalSection
	GlobalSection(SolutionProperties) = preSolution
		HideSolutionNode = FALSE
	EndGlobalSection
	GlobalSection(ExtensibilityGlobals) = postSolution
		SolutionGuid = {CFBDF3BD-F56C-403F-BE6A-BC45BFA3856C}
	EndGlobalSection
EndGlobal
